
Microsoft Visual Studio Solution File, Format Version 12.00
# Visual Studio Version 17
VisualStudioVersion = 17.14.36119.2 d17.14
MinimumVisualStudioVersion = 10.0.40219.1
Project("{FAE04EC0-301F-11D3-BF4B-00C04F79EFBC}") = "LocalServicesDirectory.Domain", "LocalServicesDirectory.Domain\LocalServicesDirectory.Domain.csproj", "{1D9079D9-6768-4B56-AC6B-BFB3CB2BD925}"
EndProject
Project("{FAE04EC0-301F-11D3-BF4B-00C04F79EFBC}") = "LocalServicesDirectory.Infrastructure", "LocalServicesDirectory.Infrastructure\LocalServicesDirectory.Infrastructure.csproj", "{799786EC-75FC-42BC-A4CB-EF01C1319647}"
EndProject
Global
	GlobalSection(SolutionConfigurationPlatforms) = preSolution
		Debug|Any CPU = Debug|Any CPU
		Release|Any CPU = Release|Any CPU
	EndGlobalSection
	GlobalSection(ProjectConfigurationPlatforms) = postSolution
		{1D9079D9-6768-4B56-AC6B-BFB3CB2BD925}.Debug|Any CPU.ActiveCfg = Debug|Any CPU
		{1D9079D9-6768-4B56-AC6B-BFB3CB2BD925}.Debug|Any CPU.Build.0 = Debug|Any CPU
		{1D9079D9-6768-4B56-AC6B-BFB3CB2BD925}.Release|Any CPU.ActiveCfg = Release|Any CPU
		{1D9079D9-6768-4B56-AC6B-BFB3CB2BD925}.Release|Any CPU.Build.0 = Release|Any CPU
		{799786EC-75FC-42BC-A4CB-EF01C1319647}.Debug|Any CPU.ActiveCfg = Debug|Any CPU
		{799786EC-75FC-42BC-A4CB-EF01C1319647}.Debug|Any CPU.Build.0 = Debug|Any CPU
		{799786EC-75FC-42BC-A4CB-EF01C1319647}.Release|Any CPU.ActiveCfg = Release|Any CPU
		{799786EC-75FC-42BC-A4CB-EF01C1319647}.Release|Any CPU.Build.0 = Release|Any CPU
	EndGlobalSection
	GlobalSection(SolutionProperties) = preSolution
		HideSolutionNode = FALSE
	EndGlobalSection
	GlobalSection(ExtensibilityGlobals) = postSolution
		SolutionGuid = {522295D1-A0B7-40B1-A6DB-B994D0542C12}
	EndGlobalSection
EndGlobal
